
Microsoft Visual Studio Solution File, Format Version 12.00
# Visual Studio 15
VisualStudioVersion = 15.0.27130.2010
MinimumVisualStudioVersion = 10.0.40219.1
Project("{2150E333-8FDC-42A3-9474-1A3956D46DE8}") = "docs", "docs", "{174BBAC6-F1D7-4C91-A6C8-FB70A7AF75B3}"
EndProject
Project("{2150E333-8FDC-42A3-9474-1A3956D46DE8}") = "src", "src", "{7E147BF5-E71D-4689-8E3A-137C8C0F57F5}"
EndProject
Project("{2150E333-8FDC-42A3-9474-1A3956D46DE8}") = "tests", "tests", "{2D772F14-BFED-4821-9DA9-C5F7FD08320B}"
EndProject
Project("{9A19103F-16F7-4668-BE54-9A1E7A4F7556}") = "API", "src\API\API.csproj", "{7BD70E12-9D8F-44F8-9826-EC164C37349A}"
EndProject
Project("{9A19103F-16F7-4668-BE54-9A1E7A4F7556}") = "Data", "src\Data\Data.csproj", "{77C8F4F2-91B5-44DB-882F-E1806C1C894E}"
EndProject
Project("{9A19103F-16F7-4668-BE54-9A1E7A4F7556}") = "Logic", "src\Logic\Logic.csproj", "{6B8FA835-7ED9-47E0-87AD-1BE197D5E212}"
EndProject
Project("{9A19103F-16F7-4668-BE54-9A1E7A4F7556}") = "Randomization", "src\Randomization\Randomization.csproj", "{528BFC44-946A-403A-8D85-EF2F095C6C35}"
EndProject
Project("{9A19103F-16F7-4668-BE54-9A1E7A4F7556}") = "Shared", "src\Shared\Shared.csproj", "{64CA5787-12CF-46A8-9426-217407224458}"
EndProject
Project("{9A19103F-16F7-4668-BE54-9A1E7A4F7556}") = "LogicTest", "tests\LogicTest\LogicTest.csproj", "{02939F93-7390-46F0-86C9-109272B764C6}"
EndProject
Project("{9A19103F-16F7-4668-BE54-9A1E7A4F7556}") = "ApiTest", "tests\ApiTest\ApiTest.csproj", "{081258D2-6AD0-461C-A548-24E5933CFE4C}"
EndProject
Project("{FAE04EC0-301F-11D3-BF4B-00C04F79EFBC}") = "Services", "src\Services\Services.csproj", "{66B31F3D-EDDB-4ACF-BB9E-84126A740662}"
EndProject
Global
	GlobalSection(SolutionConfigurationPlatforms) = preSolution
		Debug|Any CPU = Debug|Any CPU
		Release|Any CPU = Release|Any CPU
	EndGlobalSection
	GlobalSection(ProjectConfigurationPlatforms) = postSolution
		{7BD70E12-9D8F-44F8-9826-EC164C37349A}.Debug|Any CPU.ActiveCfg = Debug|Any CPU
		{7BD70E12-9D8F-44F8-9826-EC164C37349A}.Debug|Any CPU.Build.0 = Debug|Any CPU
		{7BD70E12-9D8F-44F8-9826-EC164C37349A}.Release|Any CPU.ActiveCfg = Release|Any CPU
		{7BD70E12-9D8F-44F8-9826-EC164C37349A}.Release|Any CPU.Build.0 = Release|Any CPU
		{77C8F4F2-91B5-44DB-882F-E1806C1C894E}.Debug|Any CPU.ActiveCfg = Debug|Any CPU
		{77C8F4F2-91B5-44DB-882F-E1806C1C894E}.Debug|Any CPU.Build.0 = Debug|Any CPU
		{77C8F4F2-91B5-44DB-882F-E1806C1C894E}.Release|Any CPU.ActiveCfg = Release|Any CPU
		{77C8F4F2-91B5-44DB-882F-E1806C1C894E}.Release|Any CPU.Build.0 = Release|Any CPU
		{6B8FA835-7ED9-47E0-87AD-1BE197D5E212}.Debug|Any CPU.ActiveCfg = Debug|Any CPU
		{6B8FA835-7ED9-47E0-87AD-1BE197D5E212}.Debug|Any CPU.Build.0 = Debug|Any CPU
		{6B8FA835-7ED9-47E0-87AD-1BE197D5E212}.Release|Any CPU.ActiveCfg = Release|Any CPU
		{6B8FA835-7ED9-47E0-87AD-1BE197D5E212}.Release|Any CPU.Build.0 = Release|Any CPU
		{528BFC44-946A-403A-8D85-EF2F095C6C35}.Debug|Any CPU.ActiveCfg = Debug|Any CPU
		{528BFC44-946A-403A-8D85-EF2F095C6C35}.Debug|Any CPU.Build.0 = Debug|Any CPU
		{528BFC44-946A-403A-8D85-EF2F095C6C35}.Release|Any CPU.ActiveCfg = Release|Any CPU
		{528BFC44-946A-403A-8D85-EF2F095C6C35}.Release|Any CPU.Build.0 = Release|Any CPU
		{64CA5787-12CF-46A8-9426-217407224458}.Debug|Any CPU.ActiveCfg = Debug|Any CPU
		{64CA5787-12CF-46A8-9426-217407224458}.Debug|Any CPU.Build.0 = Debug|Any CPU
		{64CA5787-12CF-46A8-9426-217407224458}.Release|Any CPU.ActiveCfg = Release|Any CPU
		{64CA5787-12CF-46A8-9426-217407224458}.Release|Any CPU.Build.0 = Release|Any CPU
		{02939F93-7390-46F0-86C9-109272B764C6}.Debug|Any CPU.ActiveCfg = Debug|Any CPU
		{02939F93-7390-46F0-86C9-109272B764C6}.Debug|Any CPU.Build.0 = Debug|Any CPU
		{02939F93-7390-46F0-86C9-109272B764C6}.Release|Any CPU.ActiveCfg = Release|Any CPU
		{02939F93-7390-46F0-86C9-109272B764C6}.Release|Any CPU.Build.0 = Release|Any CPU
		{081258D2-6AD0-461C-A548-24E5933CFE4C}.Debug|Any CPU.ActiveCfg = Debug|Any CPU
		{081258D2-6AD0-461C-A548-24E5933CFE4C}.Debug|Any CPU.Build.0 = Debug|Any CPU
		{081258D2-6AD0-461C-A548-24E5933CFE4C}.Release|Any CPU.ActiveCfg = Release|Any CPU
		{081258D2-6AD0-461C-A548-24E5933CFE4C}.Release|Any CPU.Build.0 = Release|Any CPU
		{66B31F3D-EDDB-4ACF-BB9E-84126A740662}.Debug|Any CPU.ActiveCfg = Debug|Any CPU
		{66B31F3D-EDDB-4ACF-BB9E-84126A740662}.Debug|Any CPU.Build.0 = Debug|Any CPU
		{66B31F3D-EDDB-4ACF-BB9E-84126A740662}.Release|Any CPU.ActiveCfg = Release|Any CPU
		{66B31F3D-EDDB-4ACF-BB9E-84126A740662}.Release|Any CPU.Build.0 = Release|Any CPU
	EndGlobalSection
	GlobalSection(SolutionProperties) = preSolution
		HideSolutionNode = FALSE
	EndGlobalSection
	GlobalSection(NestedProjects) = preSolution
		{7BD70E12-9D8F-44F8-9826-EC164C37349A} = {7E147BF5-E71D-4689-8E3A-137C8C0F57F5}
		{77C8F4F2-91B5-44DB-882F-E1806C1C894E} = {7E147BF5-E71D-4689-8E3A-137C8C0F57F5}
		{6B8FA835-7ED9-47E0-87AD-1BE197D5E212} = {7E147BF5-E71D-4689-8E3A-137C8C0F57F5}
		{528BFC44-946A-403A-8D85-EF2F095C6C35} = {7E147BF5-E71D-4689-8E3A-137C8C0F57F5}
		{64CA5787-12CF-46A8-9426-217407224458} = {7E147BF5-E71D-4689-8E3A-137C8C0F57F5}
		{02939F93-7390-46F0-86C9-109272B764C6} = {2D772F14-BFED-4821-9DA9-C5F7FD08320B}
		{081258D2-6AD0-461C-A548-24E5933CFE4C} = {2D772F14-BFED-4821-9DA9-C5F7FD08320B}
		{66B31F3D-EDDB-4ACF-BB9E-84126A740662} = {7E147BF5-E71D-4689-8E3A-137C8C0F57F5}
	EndGlobalSection
	GlobalSection(ExtensibilityGlobals) = postSolution
		SolutionGuid = {4D442A89-65F8-4276-B1DA-FD57E06CC349}
	EndGlobalSection
EndGlobal
